{
  "version": 4,
  "terraform_version": "0.14.7",
  "serial": 21,
  "lineage": "70badb01-bb68-d13b-aa99-cd006eeec7f9",
  "outputs": {},
  "resources": [
    {
      "module": "module.my_instace",
      "mode": "managed",
      "type": "aws_instance",
      "name": "trf_instance",
      "provider": "provider[\"registry.terraform.io/hashicorp/aws\"].west",
      "instances": [
        {
          "schema_version": 1,
          "attributes": {
            "ami": "ami-0ca5c3bd5a268e7db",
            "arn": "arn:aws:ec2:us-west-2:869926065419:instance/i-0128724f1dd9c4d20",
            "associate_public_ip_address": false,
            "availability_zone": "us-west-2c",
            "cpu_core_count": 1,
            "cpu_threads_per_core": 1,
            "credit_specification": [
              {
                "cpu_credits": "standard"
              }
            ],
            "disable_api_termination": false,
            "ebs_block_device": [],
            "ebs_optimized": false,
            "enclave_options": [
              {
                "enabled": false
              }
            ],
            "ephemeral_block_device": [],
            "get_password_data": false,
            "hibernation": false,
            "host_id": null,
            "iam_instance_profile": "",
            "id": "i-0128724f1dd9c4d20",
            "instance_initiated_shutdown_behavior": null,
            "instance_state": "running",
            "instance_type": "t2.micro",
            "ipv6_address_count": 0,
            "ipv6_addresses": [],
            "key_name": "",
            "metadata_options": [
              {
                "http_endpoint": "enabled",
                "http_put_response_hop_limit": 1,
                "http_tokens": "optional"
              }
            ],
            "monitoring": false,
            "network_interface": [],
            "outpost_arn": "",
            "password_data": "",
            "placement_group": "",
            "primary_network_interface_id": "eni-09c0fdbfbcf14ec41",
            "private_dns": "ip-190-168-3-132.us-west-2.compute.internal",
            "private_ip": "190.168.3.132",
            "public_dns": "",
            "public_ip": "",
            "root_block_device": [
              {
                "delete_on_termination": true,
                "device_name": "/dev/sda1",
                "encrypted": false,
                "iops": 100,
                "kms_key_id": "",
                "tags": {},
                "throughput": 0,
                "volume_id": "vol-0fecba1315bc74b56",
                "volume_size": 8,
                "volume_type": "gp2"
              }
            ],
            "secondary_private_ips": [],
            "security_groups": [],
            "source_dest_check": true,
            "subnet_id": "subnet-084da0f1dcd2069d7",
            "tags": {
              "Name": "instace_One"
            },
            "tenancy": "default",
            "timeouts": null,
            "user_data": null,
            "user_data_base64": null,
            "volume_tags": null,
            "vpc_security_group_ids": [
              "sg-04a4fa1d197d9ed5a"
            ]
          },
          "sensitive_attributes": [],
          "private": "eyJlMmJmYjczMC1lY2FhLTExZTYtOGY4OC0zNDM2M2JjN2M0YzAiOnsiY3JlYXRlIjo2MDAwMDAwMDAwMDAsImRlbGV0ZSI6MTIwMDAwMDAwMDAwMCwidXBkYXRlIjo2MDAwMDAwMDAwMDB9LCJzY2hlbWFfdmVyc2lvbiI6IjEifQ==",
          "dependencies": [
            "module.my_vpc.aws_subnet.main",
            "module.my_vpc.aws_vpc.trf_vpc"
          ]
        }
      ]
    },
    {
      "module": "module.my_security",
      "mode": "data",
      "type": "aws_instance",
      "name": "instance",
      "provider": "provider[\"registry.terraform.io/hashicorp/aws\"].west",
      "instances": [
        {
          "schema_version": 0,
          "attributes": {
            "ami": "ami-0ca5c3bd5a268e7db",
            "arn": "arn:aws:ec2:us-west-2:869926065419:instance/i-0128724f1dd9c4d20",
            "associate_public_ip_address": false,
            "availability_zone": "us-west-2c",
            "credit_specification": [
              {
                "cpu_credits": "standard"
              }
            ],
            "disable_api_termination": false,
            "ebs_block_device": [],
            "ebs_optimized": false,
            "enclave_options": [
              {
                "enabled": false
              }
            ],
            "ephemeral_block_device": [],
            "filter": null,
            "get_password_data": false,
            "get_user_data": false,
            "host_id": null,
            "iam_instance_profile": "",
            "id": "i-0128724f1dd9c4d20",
            "instance_id": "i-0128724f1dd9c4d20",
            "instance_state": "running",
            "instance_tags": null,
            "instance_type": "t2.micro",
            "key_name": "",
            "metadata_options": [
              {
                "http_endpoint": "enabled",
                "http_put_response_hop_limit": 1,
                "http_tokens": "optional"
              }
            ],
            "monitoring": false,
            "network_interface_id": "eni-09c0fdbfbcf14ec41",
            "outpost_arn": "",
            "password_data": null,
            "placement_group": "",
            "private_dns": "ip-190-168-3-132.us-west-2.compute.internal",
            "private_ip": "190.168.3.132",
            "public_dns": "",
            "public_ip": "",
            "root_block_device": [
              {
                "delete_on_termination": true,
                "device_name": "/dev/sda1",
                "encrypted": false,
                "iops": 100,
                "kms_key_id": "",
                "tags": {},
                "throughput": 0,
                "volume_id": "vol-0fecba1315bc74b56",
                "volume_size": 8,
                "volume_type": "gp2"
              }
            ],
            "secondary_private_ips": [],
            "security_groups": [],
            "source_dest_check": true,
            "subnet_id": "subnet-084da0f1dcd2069d7",
            "tags": {
              "Name": "instace_One"
            },
            "tenancy": "default",
            "user_data": null,
            "user_data_base64": null,
            "vpc_security_group_ids": [
              "sg-04a4fa1d197d9ed5a"
            ]
          },
          "sensitive_attributes": []
        }
      ]
    },
    {
      "module": "module.my_security",
      "mode": "managed",
      "type": "aws_network_interface_sg_attachment",
      "name": "sg_attachment",
      "provider": "provider[\"registry.terraform.io/hashicorp/aws\"].west",
      "instances": [
        {
          "schema_version": 0,
          "attributes": {
            "id": "sg-0e25efd5351e1bfcd_eni-09c0fdbfbcf14ec41",
            "network_interface_id": "eni-09c0fdbfbcf14ec41",
            "security_group_id": "sg-0e25efd5351e1bfcd"
          },
          "sensitive_attributes": [],
          "private": "bnVsbA==",
          "dependencies": [
            "module.my_instace.aws_instance.trf_instance",
            "module.my_security.aws_security_group.sg",
            "module.my_security.data.aws_instance.instance",
            "module.my_vpc.aws_subnet.main",
            "module.my_vpc.aws_vpc.trf_vpc"
          ]
        }
      ]
    },
    {
      "module": "module.my_security",
      "mode": "managed",
      "type": "aws_security_group",
      "name": "sg",
      "provider": "provider[\"registry.terraform.io/hashicorp/aws\"].west",
      "instances": [
        {
          "schema_version": 1,
          "attributes": {
            "arn": "arn:aws:ec2:us-west-2:869926065419:security-group/sg-0e25efd5351e1bfcd",
            "description": "security_group",
            "egress": [
              {
                "cidr_blocks": [
                  "0.0.0.0/0"
                ],
                "description": "",
                "from_port": 0,
                "ipv6_cidr_blocks": [],
                "prefix_list_ids": [],
                "protocol": "-1",
                "security_groups": [],
                "self": false,
                "to_port": 0
              }
            ],
            "id": "sg-0e25efd5351e1bfcd",
            "ingress": [
              {
                "cidr_blocks": [
                  "0.0.0.0/0"
                ],
                "description": "TLS from VPC",
                "from_port": 443,
                "ipv6_cidr_blocks": [],
                "prefix_list_ids": [],
                "protocol": "tcp",
                "security_groups": [],
                "self": false,
                "to_port": 443
              }
            ],
            "name": "rule",
            "name_prefix": "",
            "owner_id": "869926065419",
            "revoke_rules_on_delete": false,
            "tags": {
              "Name": "instace_security"
            },
            "timeouts": null,
            "vpc_id": "vpc-0a523fb2833007d52"
          },
          "sensitive_attributes": [],
          "private": "eyJlMmJmYjczMC1lY2FhLTExZTYtOGY4OC0zNDM2M2JjN2M0YzAiOnsiY3JlYXRlIjo2MDAwMDAwMDAwMDAsImRlbGV0ZSI6OTAwMDAwMDAwMDAwfSwic2NoZW1hX3ZlcnNpb24iOiIxIn0=",
          "dependencies": [
            "module.my_vpc.aws_vpc.trf_vpc"
          ]
        }
      ]
    },
    {
      "module": "module.my_vpc",
      "mode": "managed",
      "type": "aws_subnet",
      "name": "main",
      "provider": "module.my_vpc.provider[\"registry.terraform.io/hashicorp/aws\"]",
      "instances": [
        {
          "schema_version": 1,
          "attributes": {
            "arn": "arn:aws:ec2:us-west-2:869926065419:subnet/subnet-084da0f1dcd2069d7",
            "assign_ipv6_address_on_creation": false,
            "availability_zone": "us-west-2c",
            "availability_zone_id": "usw2-az3",
            "cidr_block": "190.168.3.0/24",
            "customer_owned_ipv4_pool": "",
            "id": "subnet-084da0f1dcd2069d7",
            "ipv6_cidr_block": "",
            "ipv6_cidr_block_association_id": "",
            "map_customer_owned_ip_on_launch": false,
            "map_public_ip_on_launch": false,
            "outpost_arn": "",
            "owner_id": "869926065419",
            "tags": {
              "Name": "subnet_one"
            },
            "tags_all": {
              "Name": "subnet_one"
            },
            "timeouts": null,
            "vpc_id": "vpc-0a523fb2833007d52"
          },
          "sensitive_attributes": [],
          "private": "eyJlMmJmYjczMC1lY2FhLTExZTYtOGY4OC0zNDM2M2JjN2M0YzAiOnsiY3JlYXRlIjo2MDAwMDAwMDAwMDAsImRlbGV0ZSI6MTIwMDAwMDAwMDAwMH0sInNjaGVtYV92ZXJzaW9uIjoiMSJ9",
          "dependencies": [
            "module.my_vpc.aws_vpc.trf_vpc"
          ]
        }
      ]
    },
    {
      "module": "module.my_vpc",
      "mode": "managed",
      "type": "aws_vpc",
      "name": "trf_vpc",
      "provider": "module.my_vpc.provider[\"registry.terraform.io/hashicorp/aws\"]",
      "instances": [
        {
          "schema_version": 1,
          "attributes": {
            "arn": "arn:aws:ec2:us-west-2:869926065419:vpc/vpc-0a523fb2833007d52",
            "assign_generated_ipv6_cidr_block": false,
            "cidr_block": "190.168.0.0/16",
            "default_network_acl_id": "acl-08b26fd98d3724c99",
            "default_route_table_id": "rtb-052052d605c6882e9",
            "default_security_group_id": "sg-04a4fa1d197d9ed5a",
            "dhcp_options_id": "dopt-0623acdc930c4c7ef",
            "enable_classiclink": false,
            "enable_classiclink_dns_support": false,
            "enable_dns_hostnames": false,
            "enable_dns_support": true,
            "id": "vpc-0a523fb2833007d52",
            "instance_tenancy": "default",
            "ipv6_association_id": "",
            "ipv6_cidr_block": "",
            "main_route_table_id": "rtb-052052d605c6882e9",
            "owner_id": "869926065419",
            "tags": {
              "Name": "vpc_one"
            },
            "tags_all": {
              "Name": "vpc_one"
            }
          },
          "sensitive_attributes": [],
          "private": "eyJzY2hlbWFfdmVyc2lvbiI6IjEifQ=="
        }
      ]
    },
    {
      "module": "module.my_vpc1",
      "mode": "managed",
      "type": "aws_vpc",
      "name": "trf_vpc",
      "provider": "provider[\"registry.terraform.io/hashicorp/aws\"].west1",
      "instances": [
        {
          "schema_version": 1,
          "attributes": {
            "arn": "arn:aws:ec2:us-west-1:869926065419:vpc/vpc-023dee325979f1114",
            "assign_generated_ipv6_cidr_block": false,
            "cidr_block": "190.168.0.0/16",
            "default_network_acl_id": "acl-06c118dfc40b0bf6d",
            "default_route_table_id": "rtb-0ffc226618ff18725",
            "default_security_group_id": "sg-067cfe2962988b170",
            "dhcp_options_id": "dopt-0bf63f6d",
            "enable_classiclink": false,
            "enable_classiclink_dns_support": false,
            "enable_dns_hostnames": false,
            "enable_dns_support": true,
            "id": "vpc-023dee325979f1114",
            "instance_tenancy": "default",
            "ipv6_association_id": "",
            "ipv6_cidr_block": "",
            "main_route_table_id": "rtb-0ffc226618ff18725",
            "owner_id": "869926065419",
            "tags": {
              "Name": "vpc_one"
            },
            "tags_all": {
              "Name": "vpc_one"
            }
          },
          "sensitive_attributes": [],
          "private": "eyJzY2hlbWFfdmVyc2lvbiI6IjEifQ=="
        }
      ]
    }
  ]
}
